GEM
  remote: https://rubygems.org/
  specs:
    bigdecimal (4.1.2)
    csv (3.3.6)
    httparty (0.24.2)
      csv
      mini_mime (>= 1.0.0)
      multi_xml (>= 0.5.2)
    mini_mime (1.1.5)
    mini_portile2 (2.8.9)
    multi_xml (0.9.1)
      bigdecimal (>= 3.1, < 5)
    nokogiri (1.19.4)
      mini_portile2 (~> 2.8.2)
      racc (~> 1.4)
    onelogin (1.7.0)
      httparty (>= 0.13.7)
      nokogiri (>= 1.6.3.1)
    racc (1.8.1)

PLATFORMS
  ruby

DEPENDENCIES
  onelogin

BUNDLED WITH
   2.6.9
